Microsoft Visual Studio Solution File, Format Version 12.00
# Visual Studio Version 17
VisualStudioVersion = 17.5.2.0
MinimumVisualStudioVersion = 10.0.40219.1
Project("{FAE04EC0-301F-11D3-BF4B-00C04F79EFBC}") = "MicroCode", "MicroCode.csproj", "{A58179DD-1DD6-836A-629C-6F1C9D5EC771}"
EndProject
Global
	GlobalSection(SolutionConfigurationPlatforms) = preSolution
		Debug|Any CPU = Debug|Any CPU
		Release|Any CPU = Release|Any CPU
	EndGlobalSection
	GlobalSection(ProjectConfigurationPlatforms) = postSolution
		{A58179DD-1DD6-836A-629C-6F1C9D5EC771}.Debug|Any CPU.ActiveCfg = Debug|Any CPU
		{A58179DD-1DD6-836A-629C-6F1C9D5EC771}.Debug|Any CPU.Build.0 = Debug|Any CPU
		{A58179DD-1DD6-836A-629C-6F1C9D5EC771}.Release|Any CPU.ActiveCfg = Release|Any CPU
		{A58179DD-1DD6-836A-629C-6F1C9D5EC771}.Release|Any CPU.Build.0 = Release|Any CPU
	EndGlobalSection
	GlobalSection(SolutionProperties) = preSolution
		HideSolutionNode = FALSE
	EndGlobalSection
	GlobalSection(ExtensibilityGlobals) = postSolution
		SolutionGuid = {6767C2E0-5D7A-41CC-B78D-1DBD83AD98B6}
	EndGlobalSection
EndGlobal
